{
  "version": 4,
  "terraform_version": "1.14.3",
  "serial": 16,
  "lineage": "a28f2150-c76a-30e6-a605-f65a98cf4095",
  "outputs": {
    "hosts": {
      "value": [
        {
          "fqdn": "rc1a-rp2anhfev2rm3f5n.mdb.yandexcloud.net",
          "name": "host-a",
          "role": "REPLICA",
          "zone": "ru-central1-a"
        },
        {
          "fqdn": "rc1b-jlf2cacj6q7rvnsk.mdb.yandexcloud.net",
          "name": "host-b",
          "role": "REPLICA",
          "zone": "ru-central1-b"
        },
        {
          "fqdn": "rc1d-kp2de1pds897qr6q.mdb.yandexcloud.net",
          "name": "host-d",
          "role": "MASTER",
          "zone": "ru-central1-d"
        }
      ],
      "type": [
        "tuple",
        [
          [
            "object",
            {
              "fqdn": "string",
              "name": "string",
              "role": "string",
              "zone": "string"
            }
          ],
          [
            "object",
            {
              "fqdn": "string",
              "name": "string",
              "role": "string",
              "zone": "string"
            }
          ],
          [
            "object",
            {
              "fqdn": "string",
              "name": "string",
              "role": "string",
              "zone": "string"
            }
          ]
        ]
      ]
    }
  },
  "resources": [
    {
      "mode": "managed",
      "type": "yandex_mdb_postgresql_cluster",
      "name": "pg",
      "provider": "provider[\"registry.terraform.io/yandex-cloud/yandex\"]",
      "instances": [
        {
          "schema_version": 0,
          "attributes": {
            "config": [
              {
                "access": [
                  {
                    "data_lens": false,
                    "data_transfer": false,
                    "serverless": false,
                    "web_sql": false,
                    "yandex_query": false
                  }
                ],
                "backup_retain_period_days": 7,
                "backup_window_start": [
                  {
                    "hours": 0,
                    "minutes": 0
                  }
                ],
                "disk_size_autoscaling": [
                  {
                    "disk_size_limit": 0,
                    "emergency_usage_threshold": 0,
                    "planned_usage_threshold": 0
                  }
                ],
                "performance_diagnostics": [
                  {
                    "enabled": false,
                    "sessions_sampling_interval": 60,
                    "statements_sampling_interval": 600
                  }
                ],
                "pooler_config": [],
                "postgresql_config": {
                  "shared_preload_libraries": "SHARED_PRELOAD_LIBRARIES_UNSPECIFIED",
                  "synchronous_commit": "SYNCHRONOUS_COMMIT_ON"
                },
                "resources": [
                  {
                    "disk_size": 10,
                    "disk_type_id": "network-ssd",
                    "resource_preset_id": "s2.micro"
                  }
                ],
                "version": "16"
              }
            ],
            "created_at": "2026-05-03T13:40:59Z",
            "database": [],
            "deletion_protection": false,
            "description": "",
            "disk_encryption_key_id": null,
            "environment": "PRODUCTION",
            "folder_id": "b1giia3fl4lmlj6algee",
            "health": "ALIVE",
            "host": [
              {
                "assign_public_ip": true,
                "fqdn": "rc1a-rp2anhfev2rm3f5n.mdb.yandexcloud.net",
                "name": "host-a",
                "priority": 0,
                "replication_source": "rc1b-jlf2cacj6q7rvnsk.mdb.yandexcloud.net",
                "replication_source_name": "host-b",
                "role": "REPLICA",
                "subnet_id": "e9bcr3jqgdv2l38er2kb",
                "zone": "ru-central1-a"
              },
              {
                "assign_public_ip": true,
                "fqdn": "rc1b-jlf2cacj6q7rvnsk.mdb.yandexcloud.net",
                "name": "host-b",
                "priority": 0,
                "replication_source": "",
                "replication_source_name": "",
                "role": "REPLICA",
                "subnet_id": "e2l803s2s536s397sl5m",
                "zone": "ru-central1-b"
              },
              {
                "assign_public_ip": true,
                "fqdn": "rc1d-kp2de1pds897qr6q.mdb.yandexcloud.net",
                "name": "host-d",
                "priority": 0,
                "replication_source": "",
                "replication_source_name": "",
                "role": "MASTER",
                "subnet_id": "fl8g6i5ga993s3916e67",
                "zone": "ru-central1-d"
              }
            ],
            "host_group_ids": [],
            "host_master_name": "host-d",
            "id": "c9qfs3sfcv3cdms1jdid",
            "labels": {},
            "maintenance_window": [
              {
                "day": "",
                "hour": 0,
                "type": "ANYTIME"
              }
            ],
            "name": "pg-replication-lab",
            "network_id": "enp4vi3vf69tgusec930",
            "restore": [],
            "security_group_ids": [],
            "status": "RUNNING",
            "timeouts": null,
            "user": []
          },
          "sensitive_attributes": [],
          "identity_schema_version": 0,
          "private": "eyJlMmJmYjczMC1lY2FhLTExZTYtOGY4OC0zNDM2M2JjN2M0YzAiOnsiY3JlYXRlIjoxODAwMDAwMDAwMDAwLCJkZWxldGUiOjkwMDAwMDAwMDAwMCwidXBkYXRlIjozNjAwMDAwMDAwMDAwfX0=",
          "dependencies": [
            "yandex_vpc_network.lab",
            "yandex_vpc_subnet.a",
            "yandex_vpc_subnet.b",
            "yandex_vpc_subnet.d"
          ]
        }
      ]
    },
    {
      "mode": "managed",
      "type": "yandex_mdb_postgresql_database",
      "name": "labdb",
      "provider": "provider[\"registry.terraform.io/yandex-cloud/yandex\"]",
      "instances": [
        {
          "schema_version": 0,
          "attributes": {
            "cluster_id": "c9qfs3sfcv3cdms1jdid",
            "deletion_protection": "unspecified",
            "extension": [],
            "id": "c9qfs3sfcv3cdms1jdid:labdb",
            "lc_collate": "C",
            "lc_type": "C",
            "name": "labdb",
            "owner": "student",
            "template_db": "",
            "timeouts": null
          },
          "sensitive_attributes": [],
          "identity_schema_version": 0,
          "private": "eyJlMmJmYjczMC1lY2FhLTExZTYtOGY4OC0zNDM2M2JjN2M0YzAiOnsiY3JlYXRlIjo2MDAwMDAwMDAwMDAsImRlbGV0ZSI6NjAwMDAwMDAwMDAwLCJyZWFkIjo2MDAwMDAwMDAwMCwidXBkYXRlIjo2MDAwMDAwMDAwMDB9fQ==",
          "dependencies": [
            "yandex_mdb_postgresql_cluster.pg",
            "yandex_mdb_postgresql_user.student",
            "yandex_vpc_network.lab",
            "yandex_vpc_subnet.a",
            "yandex_vpc_subnet.b",
            "yandex_vpc_subnet.d"
          ]
        }
      ]
    },
    {
      "mode": "managed",
      "type": "yandex_mdb_postgresql_user",
      "name": "student",
      "provider": "provider[\"registry.terraform.io/yandex-cloud/yandex\"]",
      "instances": [
        {
          "schema_version": 0,
          "attributes": {
            "auth_method": "AUTH_METHOD_PASSWORD",
            "cluster_id": "c9qfs3sfcv3cdms1jdid",
            "conn_limit": 50,
            "connection_manager": {
              "connection_id": "a59au644r50ulfphe7l6"
            },
            "deletion_protection": "unspecified",
            "generate_password": false,
            "grants": [],
            "id": "c9qfs3sfcv3cdms1jdid:student",
            "login": true,
            "name": "student",
            "password": "Lab12345!",
            "permission": [],
            "settings": {},
            "timeouts": null,
            "user_password_encryption": "USER_PASSWORD_ENCRYPTION_MD5"
          },
          "sensitive_attributes": [
            [
              {
                "type": "get_attr",
                "value": "password"
              }
            ]
          ],
          "identity_schema_version": 0,
          "private": "eyJlMmJmYjczMC1lY2FhLTExZTYtOGY4OC0zNDM2M2JjN2M0YzAiOnsiY3JlYXRlIjo2MDAwMDAwMDAwMDAsImRlbGV0ZSI6NjAwMDAwMDAwMDAwLCJyZWFkIjo2MDAwMDAwMDAwMCwidXBkYXRlIjo2MDAwMDAwMDAwMDB9fQ==",
          "dependencies": [
            "yandex_mdb_postgresql_cluster.pg",
            "yandex_vpc_network.lab",
            "yandex_vpc_subnet.a",
            "yandex_vpc_subnet.b",
            "yandex_vpc_subnet.d"
          ]
        }
      ]
    },
    {
      "mode": "managed",
      "type": "yandex_vpc_network",
      "name": "lab",
      "provider": "provider[\"registry.terraform.io/yandex-cloud/yandex\"]",
      "instances": [
        {
          "schema_version": 0,
          "attributes": {
            "created_at": "2026-05-03T13:40:55Z",
            "default_security_group_id": "enpbck0l147deag8m6l6",
            "description": "",
            "folder_id": "b1giia3fl4lmlj6algee",
            "id": "enp4vi3vf69tgusec930",
            "labels": {},
            "name": "pg-replication-lab",
            "subnet_ids": [
              "e2l803s2s536s397sl5m",
              "e9bcr3jqgdv2l38er2kb",
              "fl8g6i5ga993s3916e67"
            ],
            "timeouts": null
          },
          "sensitive_attributes": [],
          "identity_schema_version": 0,
          "private": "eyJlMmJmYjczMC1lY2FhLTExZTYtOGY4OC0zNDM2M2JjN2M0YzAiOnsiY3JlYXRlIjo2MDAwMDAwMDAwMCwiZGVsZXRlIjo2MDAwMDAwMDAwMCwidXBkYXRlIjo2MDAwMDAwMDAwMH19"
        }
      ]
    },
    {
      "mode": "managed",
      "type": "yandex_vpc_subnet",
      "name": "a",
      "provider": "provider[\"registry.terraform.io/yandex-cloud/yandex\"]",
      "instances": [
        {
          "schema_version": 0,
          "attributes": {
            "created_at": "2026-05-03T13:40:57Z",
            "description": "",
            "dhcp_options": [],
            "folder_id": "b1giia3fl4lmlj6algee",
            "id": "e9bcr3jqgdv2l38er2kb",
            "labels": {},
            "name": "subnet-a",
            "network_id": "enp4vi3vf69tgusec930",
            "route_table_id": "",
            "timeouts": null,
            "v4_cidr_blocks": [
              "10.1.0.0/24"
            ],
            "v6_cidr_blocks": [],
            "zone": "ru-central1-a"
          },
          "sensitive_attributes": [],
          "identity_schema_version": 0,
          "private": "eyJlMmJmYjczMC1lY2FhLTExZTYtOGY4OC0zNDM2M2JjN2M0YzAiOnsiY3JlYXRlIjoxODAwMDAwMDAwMDAsImRlbGV0ZSI6MTgwMDAwMDAwMDAwLCJ1cGRhdGUiOjE4MDAwMDAwMDAwMH19",
          "dependencies": [
            "yandex_vpc_network.lab"
          ]
        }
      ]
    },
    {
      "mode": "managed",
      "type": "yandex_vpc_subnet",
      "name": "b",
      "provider": "provider[\"registry.terraform.io/yandex-cloud/yandex\"]",
      "instances": [
        {
          "schema_version": 0,
          "attributes": {
            "created_at": "2026-05-03T13:40:57Z",
            "description": "",
            "dhcp_options": [],
            "folder_id": "b1giia3fl4lmlj6algee",
            "id": "e2l803s2s536s397sl5m",
            "labels": {},
            "name": "subnet-b",
            "network_id": "enp4vi3vf69tgusec930",
            "route_table_id": "",
            "timeouts": null,
            "v4_cidr_blocks": [
              "10.2.0.0/24"
            ],
            "v6_cidr_blocks": [],
            "zone": "ru-central1-b"
          },
          "sensitive_attributes": [],
          "identity_schema_version": 0,
          "private": "eyJlMmJmYjczMC1lY2FhLTExZTYtOGY4OC0zNDM2M2JjN2M0YzAiOnsiY3JlYXRlIjoxODAwMDAwMDAwMDAsImRlbGV0ZSI6MTgwMDAwMDAwMDAwLCJ1cGRhdGUiOjE4MDAwMDAwMDAwMH19",
          "dependencies": [
            "yandex_vpc_network.lab"
          ]
        }
      ]
    },
    {
      "mode": "managed",
      "type": "yandex_vpc_subnet",
      "name": "d",
      "provider": "provider[\"registry.terraform.io/yandex-cloud/yandex\"]",
      "instances": [
        {
          "schema_version": 0,
          "attributes": {
            "created_at": "2026-05-03T13:40:58Z",
            "description": "",
            "dhcp_options": [],
            "folder_id": "b1giia3fl4lmlj6algee",
            "id": "fl8g6i5ga993s3916e67",
            "labels": {},
            "name": "subnet-d",
            "network_id": "enp4vi3vf69tgusec930",
            "route_table_id": "",
            "timeouts": null,
            "v4_cidr_blocks": [
              "10.3.0.0/24"
            ],
            "v6_cidr_blocks": [],
            "zone": "ru-central1-d"
          },
          "sensitive_attributes": [],
          "identity_schema_version": 0,
          "private": "eyJlMmJmYjczMC1lY2FhLTExZTYtOGY4OC0zNDM2M2JjN2M0YzAiOnsiY3JlYXRlIjoxODAwMDAwMDAwMDAsImRlbGV0ZSI6MTgwMDAwMDAwMDAwLCJ1cGRhdGUiOjE4MDAwMDAwMDAwMH19",
          "dependencies": [
            "yandex_vpc_network.lab"
          ]
        }
      ]
    }
  ],
  "check_results": null
}
